// !$*UTF8*$!
{
	archiveVersion = 1;
	classes = {
	};
	objectVersion = 50;
	objects = {

/* Begin PBXBuildFile section */
		A3001F35213FDA9B006FAF10 /* LetterImageGenerator.swift in Sources */ = {isa = PBXBuildFile; fileRef = A3001F34213FDA9B006FAF10 /* LetterImageGenerator.swift */; };
		A3023815214E7139004DBE52 /* SWRevealViewController.m in Sources */ = {isa = PBXBuildFile; fileRef = A3023814214E7139004DBE52 /* SWRevealViewController.m */; };
		A3023817214E7A49004DBE52 /* ChannelViewController.swift in Sources */ = {isa = PBXBuildFile; fileRef = A3023816214E7A49004DBE52 /* ChannelViewController.swift */; };
		A3023819214EA1F5004DBE52 /* GradientView.swift in Sources */ = {isa = PBXBuildFile; fileRef = A3023818214EA1F5004DBE52 /* GradientView.swift */; };
		A3036DF121303ED000499619 /* ChatViewController.swift in Sources */ = {isa = PBXBuildFile; fileRef = A3036DF021303ED000499619 /* ChatViewController.swift */; };
		A30E4C3C2159686600B37AD5 /* Constants.swift in Sources */ = {isa = PBXBuildFile; fileRef = A30E4C3B2159686600B37AD5 /* Constants.swift */; };
		A310197B215546DC002965B2 /* Channel.swift in Sources */ = {isa = PBXBuildFile; fileRef = A310197A215546DC002965B2 /* Channel.swift */; };
		A310197D215548DC002965B2 /* ChannelCell.swift in Sources */ = {isa = PBXBuildFile; fileRef = A310197C215548DC002965B2 /* ChannelCell.swift */; };
		A310197F215550D6002965B2 /* Helper.swift in Sources */ = {isa = PBXBuildFile; fileRef = A310197E215550D6002965B2 /* Helper.swift */; };
		A310198221555B0D002965B2 /* MessageService.swift in Sources */ = {isa = PBXBuildFile; fileRef = A310198121555B0D002965B2 /* MessageService.swift */; };
		A3159E63215CE90000D7992C /* NotificationCell.swift in Sources */ = {isa = PBXBuildFile; fileRef = A3159E62215CE90000D7992C /* NotificationCell.swift */; };
		A3159E65215D325800D7992C /* SwipeTableViewController.swift in Sources */ = {isa = PBXBuildFile; fileRef = A3159E64215D325800D7992C /* SwipeTableViewController.swift */; };
		A321D0F1215BEBEC004A76D2 /* NotificationsTableViewController.swift in Sources */ = {isa = PBXBuildFile; fileRef = A321D0F0215BEBEC004A76D2 /* NotificationsTableViewController.swift */; };
		A321D0F3215BF36E004A76D2 /* NotificationModel.swift in Sources */ = {isa = PBXBuildFile; fileRef = A321D0F2215BF36D004A76D2 /* NotificationModel.swift */; };
		A32740222154EC1B0003C24C /* AddChannelViewController.swift in Sources */ = {isa = PBXBuildFile; fileRef = A32740202154EC1B0003C24C /* AddChannelViewController.swift */; };
		A32740232154EC1B0003C24C /* AddChannelViewController.xib in Resources */ = {isa = PBXBuildFile; fileRef = A32740212154EC1B0003C24C /* AddChannelViewController.xib */; };
		A32740262154F2340003C24C /* RoundedButton.swift in Sources */ = {isa = PBXBuildFile; fileRef = A32740252154F2340003C24C /* RoundedButton.swift */; };
		A33F0ED62157B31F00C1C95B /* AddParticipantsViewController.swift in Sources */ = {isa = PBXBuildFile; fileRef = A33F0ED42157B31F00C1C95B /* AddParticipantsViewController.swift */; };
		A33F0ED92157B3F800C1C95B /* AddParticipantsViewController.xib in Resources */ = {isa = PBXBuildFile; fileRef = A33F0ED82157B3F800C1C95B /* AddParticipantsViewController.xib */; };
		A33F0EDB2157D00000C1C95B /* UserProfileViewController.xib in Resources */ = {isa = PBXBuildFile; fileRef = A33F0EDA2157D00000C1C95B /* UserProfileViewController.xib */; };
		A33F0EDD2157D00F00C1C95B /* UserProfileViewController.swift in Sources */ = {isa = PBXBuildFile; fileRef = A33F0EDC2157D00F00C1C95B /* UserProfileViewController.swift */; };
		A33F0EDF2158098900C1C95B /* SSBadgeButton.swift in Sources */ = {isa = PBXBuildFile; fileRef = A33F0EDE2158098900C1C95B /* SSBadgeButton.swift */; };
		A33F0EE12158276700C1C95B /* KeyboardBoundView.swift in Sources */ = {isa = PBXBuildFile; fileRef = A33F0EE02158276700C1C95B /* KeyboardBoundView.swift */; };
		A35AB818213E91EC002A592D /* TableViewCell.xib in Resources */ = {isa = PBXBuildFile; fileRef = A35AB817213E91EC002A592D /* TableViewCell.xib */; };
		A35AB81A213E92DC002A592D /* TableViewCell.swift in Sources */ = {isa = PBXBuildFile; fileRef = A35AB819213E92DB002A592D /* TableViewCell.swift */; };
		A35AB81C213E92ED002A592D /* MessageModel.swift in Sources */ = {isa = PBXBuildFile; fileRef = A35AB81B213E92ED002A592D /* MessageModel.swift */; };
		A3AC362C212F307B001CCAC3 /* AppDelegate.swift in Sources */ = {isa = PBXBuildFile; fileRef = A3AC362B212F307B001CCAC3 /* AppDelegate.swift */; };
		A3AC362E212F307B001CCAC3 /* ViewController.swift in Sources */ = {isa = PBXBuildFile; fileRef = A3AC362D212F307B001CCAC3 /* ViewController.swift */; };
		A3AC3631212F307B001CCAC3 /* Main.storyboard in Resources */ = {isa = PBXBuildFile; fileRef = A3AC362F212F307B001CCAC3 /* Main.storyboard */; };
		A3AC3633212F307C001CCAC3 /* Assets.xcassets in Resources */ = {isa = PBXBuildFile; fileRef = A3AC3632212F307C001CCAC3 /* Assets.xcassets */; };
		A3AC3636212F307C001CCAC3 /* LaunchScreen.storyboard in Resources */ = {isa = PBXBuildFile; fileRef = A3AC3634212F307C001CCAC3 /* LaunchScreen.storyboard */; };
		A3FDBEE32132BD1E009D4CEF /* MessageCell.xib in Resources */ = {isa = PBXBuildFile; fileRef = A3FDBEE22132BD1E009D4CEF /* MessageCell.xib */; };
		A3FDBEE52132BD3B009D4CEF /* CustomMessageCell.swift in Sources */ = {isa = PBXBuildFile; fileRef = A3FDBEE42132BD3B009D4CEF /* CustomMessageCell.swift */; };
		EA8D5480F6338464D31A6981 /* Pods_dTwitter.framework in Frameworks */ = {isa = PBXBuildFile; fileRef = FECD1EFB513B8DE30C6F3B87 /* Pods_dTwitter.framework */; };
/* End PBXBuildFile section */

/* Begin PBXFileReference section */
		0EB0C2D47D94CC256C186488 /* Pods-dTwitter.debug.xcconfig */ = {isa = PBXFileReference; includeInIndex = 1; lastKnownFileType = text.xcconfig; name = "Pods-dTwitter.debug.xcconfig"; path = "Pods/Target Support Files/Pods-dTwitter/Pods-dTwitter.debug.xcconfig"; sourceTree = "<group>"; };
		466CFCF97CD404F327B8B927 /* Pods-dTwitter.release.xcconfig */ = {isa = PBXFileReference; includeInIndex = 1; lastKnownFileType = text.xcconfig; name = "Pods-dTwitter.release.xcconfig"; path = "Pods/Target Support Files/Pods-dTwitter/Pods-dTwitter.release.xcconfig"; sourceTree = "<group>"; };
		A3001F34213FDA9B006FAF10 /* LetterImageGenerator.swift */ = {isa = PBXFileReference; fileEncoding = 4; lastKnownFileType = sourcecode.swift; path = LetterImageGenerator.swift; sourceTree = "<group>"; };
		A3023812214E7138004DBE52 /* dTwitter-Bridging-Header.h */ = {isa = PBXFileReference; lastKnownFileType = sourcecode.c.h; path = "dTwitter-Bridging-Header.h"; sourceTree = "<group>"; };
		A3023813214E7139004DBE52 /* SWRevealViewController.h */ = {isa = PBXFileReference; fileEncoding = 4; lastKnownFileType = sourcecode.c.h; path = SWRevealViewController.h; sourceTree = "<group>"; };
		A3023814214E7139004DBE52 /* SWRevealViewController.m */ = {isa = PBXFileReference; fileEncoding = 4; lastKnownFileType = sourcecode.c.objc; path = SWRevealViewController.m; sourceTree = "<group>"; };
		A3023816214E7A49004DBE52 /* ChannelViewController.swift */ = {isa = PBXFileReference; lastKnownFileType = sourcecode.swift; path = ChannelViewController.swift; sourceTree = "<group>"; };
		A3023818214EA1F5004DBE52 /* GradientView.swift */ = {isa = PBXFileReference; lastKnownFileType = sourcecode.swift; path = GradientView.swift; sourceTree = "<group>"; };
		A3036DF021303ED000499619 /* ChatViewController.swift */ = {isa = PBXFileReference; lastKnownFileType = sourcecode.swift; path = ChatViewController.swift; sourceTree = "<group>"; };
		A30E4C3B2159686600B37AD5 /* Constants.swift */ = {isa = PBXFileReference; fileEncoding = 4; lastKnownFileType = sourcecode.swift; path = Constants.swift; sourceTree = "<group>"; };
		A310197A215546DC002965B2 /* Channel.swift */ = {isa = PBXFileReference; fileEncoding = 4; lastKnownFileType = sourcecode.swift; path = Channel.swift; sourceTree = "<group>"; };
		A310197C215548DC002965B2 /* ChannelCell.swift */ = {isa = PBXFileReference; lastKnownFileType = sourcecode.swift; path = ChannelCell.swift; sourceTree = "<group>"; };
		A310197E215550D6002965B2 /* Helper.swift */ = {isa = PBXFileReference; lastKnownFileType = sourcecode.swift; path = Helper.swift; sourceTree = "<group>"; };
		A310198121555B0D002965B2 /* MessageService.swift */ = {isa = PBXFileReference; fileEncoding = 4; lastKnownFileType = sourcecode.swift; path = MessageService.swift; sourceTree = "<group>"; };
		A3159E62215CE90000D7992C /* NotificationCell.swift */ = {isa = PBXFileReference; lastKnownFileType = sourcecode.swift; path = NotificationCell.swift; sourceTree = "<group>"; };
		A3159E64215D325800D7992C /* SwipeTableViewController.swift */ = {isa = PBXFileReference; lastKnownFileType = sourcecode.swift; path = SwipeTableViewController.swift; sourceTree = "<group>"; };
		A321D0F0215BEBEC004A76D2 /* NotificationsTableViewController.swift */ = {isa = PBXFileReference; lastKnownFileType = sourcecode.swift; name = NotificationsTableViewController.swift; path = dTwitter/Controller/NotificationsTableViewController.swift; sourceTree = SOURCE_ROOT; };
		A321D0F2215BF36D004A76D2 /* NotificationModel.swift */ = {isa = PBXFileReference; lastKnownFileType = sourcecode.swift; path = NotificationModel.swift; sourceTree = "<group>"; };
		A32740202154EC1B0003C24C /* AddChannelViewController.swift */ = {isa = PBXFileReference; lastKnownFileType = sourcecode.swift; path = AddChannelViewController.swift; sourceTree = "<group>"; };
		A32740212154EC1B0003C24C /* AddChannelViewController.xib */ = {isa = PBXFileReference; lastKnownFileType = file.xib; path = AddChannelViewController.xib; sourceTree = "<group>"; };
		A32740252154F2340003C24C /* RoundedButton.swift */ = {isa = PBXFileReference; fileEncoding = 4; lastKnownFileType = sourcecode.swift; path = RoundedButton.swift; sourceTree = "<group>"; };
		A33F0ED42157B31F00C1C95B /* AddParticipantsViewController.swift */ = {isa = PBXFileReference; lastKnownFileType = sourcecode.swift; path = AddParticipantsViewController.swift; sourceTree = "<group>"; };
		A33F0ED82157B3F800C1C95B /* AddParticipantsViewController.xib */ = {isa = PBXFileReference; fileEncoding = 4; lastKnownFileType = file.xib; path = AddParticipantsViewController.xib; sourceTree = "<group>"; };
		A33F0EDA2157D00000C1C95B /* UserProfileViewController.xib */ = {isa = PBXFileReference; fileEncoding = 4; lastKnownFileType = file.xib; path = UserProfileViewController.xib; sourceTree = "<group>"; };
		A33F0EDC2157D00F00C1C95B /* UserProfileViewController.swift */ = {isa = PBXFileReference; fileEncoding = 4; lastKnownFileType = sourcecode.swift; path = UserProfileViewController.swift; sourceTree = "<group>"; };
		A33F0EDE2158098900C1C95B /* SSBadgeButton.swift */ = {isa = PBXFileReference; lastKnownFileType = sourcecode.swift; path = SSBadgeButton.swift; sourceTree = "<group>"; };
		A33F0EE02158276700C1C95B /* KeyboardBoundView.swift */ = {isa = PBXFileReference; fileEncoding = 4; lastKnownFileType = sourcecode.swift; path = KeyboardBoundView.swift; sourceTree = "<group>"; };
		A35AB817213E91EC002A592D /* TableViewCell.xib */ = {isa = PBXFileReference; fileEncoding = 4; lastKnownFileType = file.xib; path = TableViewCell.xib; sourceTree = "<group>"; };
		A35AB819213E92DB002A592D /* TableViewCell.swift */ = {isa = PBXFileReference; fileEncoding = 4; lastKnownFileType = sourcecode.swift; path = TableViewCell.swift; sourceTree = "<group>"; };
		A35AB81B213E92ED002A592D /* MessageModel.swift */ = {isa = PBXFileReference; fileEncoding = 4; lastKnownFileType = sourcecode.swift; path = MessageModel.swift; sourceTree = "<group>"; };
		A3AC3628212F307B001CCAC3 /* dTwitter.app */ = {isa = PBXFileReference; explicitFileType = wrapper.application; includeInIndex = 0; path = dTwitter.app; sourceTree = BUILT_PRODUCTS_DIR; };
		A3AC362B212F307B001CCAC3 /* AppDelegate.swift */ = {isa = PBXFileReference; lastKnownFileType = sourcecode.swift; path = AppDelegate.swift; sourceTree = "<group>"; };
		A3AC362D212F307B001CCAC3 /* ViewController.swift */ = {isa = PBXFileReference; lastKnownFileType = sourcecode.swift; path = ViewController.swift; sourceTree = "<group>"; };
		A3AC3630212F307B001CCAC3 /* Base */ = {isa = PBXFileReference; lastKnownFileType = file.storyboard; name = Base; path = Base.lproj/Main.storyboard; sourceTree = "<group>"; };
		A3AC3632212F307C001CCAC3 /* Assets.xcassets */ = {isa = PBXFileReference; lastKnownFileType = folder.assetcatalog; path = Assets.xcassets; sourceTree = "<group>"; };
		A3AC3635212F307C001CCAC3 /* Base */ = {isa = PBXFileReference; lastKnownFileType = file.storyboard; name = Base; path = Base.lproj/LaunchScreen.storyboard; sourceTree = "<group>"; };
		A3AC3637212F307C001CCAC3 /* Info.plist */ = {isa = PBXFileReference; lastKnownFileType = text.plist.xml; path = Info.plist; sourceTree = "<group>"; };
		A3FDBEE22132BD1E009D4CEF /* MessageCell.xib */ = {isa = PBXFileReference; fileEncoding = 4; lastKnownFileType = file.xib; path = MessageCell.xib; sourceTree = "<group>"; };
		A3FDBEE42132BD3B009D4CEF /* CustomMessageCell.swift */ = {isa = PBXFileReference; fileEncoding = 4; lastKnownFileType = sourcecode.swift; path = CustomMessageCell.swift; sourceTree = "<group>"; };
		FECD1EFB513B8DE30C6F3B87 /* Pods_dTwitter.framework */ = {isa = PBXFileReference; explicitFileType = wrapper.framework; includeInIndex = 0; path = Pods_dTwitter.framework; sourceTree = BUILT_PRODUCTS_DIR; };
/* End PBXFileReference section */

/* Begin PBXFrameworksBuildPhase section */
		A3AC3625212F307A001CCAC3 /* Frameworks */ = {
			isa = PBXFrameworksBuildPhase;
			buildActionMask = 2147483647;
			files = (
				EA8D5480F6338464D31A6981 /* Pods_dTwitter.framework in Frameworks */,
			);
			runOnlyForDeploymentPostprocessing = 0;
		};
/* End PBXFrameworksBuildPhase section */

/* Begin PBXGroup section */
		A3001F33213FDA73006FAF10 /* Support Files */ = {
			isa = PBXGroup;
			children = (
				A30E4C3B2159686600B37AD5 /* Constants.swift */,
				A3023813214E7139004DBE52 /* SWRevealViewController.h */,
				A3023814214E7139004DBE52 /* SWRevealViewController.m */,
				A3023812214E7138004DBE52 /* dTwitter-Bridging-Header.h */,
				A3001F34213FDA9B006FAF10 /* LetterImageGenerator.swift */,
				A33F0EDE2158098900C1C95B /* SSBadgeButton.swift */,
				A310197E215550D6002965B2 /* Helper.swift */,
			);
			path = "Support Files";
			sourceTree = "<group>";
		};
		A310198021555AFB002965B2 /* Services */ = {
			isa = PBXGroup;
			children = (
				A310198121555B0D002965B2 /* MessageService.swift */,
			);
			path = Services;
			sourceTree = "<group>";
		};
		A32740242154EC2D0003C24C /* XIBs */ = {
			isa = PBXGroup;
			children = (
				A32740212154EC1B0003C24C /* AddChannelViewController.xib */,
				A33F0ED82157B3F800C1C95B /* AddParticipantsViewController.xib */,
				A33F0EDA2157D00000C1C95B /* UserProfileViewController.xib */,
			);
			path = XIBs;
			sourceTree = "<group>";
		};
		A3AC361F212F307A001CCAC3 = {
			isa = PBXGroup;
			children = (
				A3AC362A212F307B001CCAC3 /* dTwitter */,
				A3AC3629212F307B001CCAC3 /* Products */,
				F619ABF2F4748E7A24872308 /* Pods */,
				B171B080FBC0EFB48B9A3844 /* Frameworks */,
			);
			sourceTree = "<group>";
		};
		A3AC3629212F307B001CCAC3 /* Products */ = {
			isa = PBXGroup;
			children = (
				A3AC3628212F307B001CCAC3 /* dTwitter.app */,
			);
			name = Products;
			sourceTree = "<group>";
		};
		A3AC362A212F307B001CCAC3 /* dTwitter */ = {
			isa = PBXGroup;
			children = (
				A310198021555AFB002965B2 /* Services */,
				A32740242154EC2D0003C24C /* XIBs */,
				A3FDBEE02132BCD5009D4CEF /* Model */,
				A3FDBEDF2132BCCE009D4CEF /* Controller */,
				A3FDBEDD2132BCBA009D4CEF /* View */,
				A3001F33213FDA73006FAF10 /* Support Files */,
				A3AC362B212F307B001CCAC3 /* AppDelegate.swift */,
				A3AC3632212F307C001CCAC3 /* Assets.xcassets */,
				A3AC3634212F307C001CCAC3 /* LaunchScreen.storyboard */,
				A3AC3637212F307C001CCAC3 /* Info.plist */,
			);
			path = dTwitter;
			sourceTree = "<group>";
		};
		A3FDBEDD2132BCBA009D4CEF /* View */ = {
			isa = PBXGroup;
			children = (
				A3FDBEE12132BD11009D4CEF /* CustomCell */,
				A32740252154F2340003C24C /* RoundedButton.swift */,
				A3023818214EA1F5004DBE52 /* GradientView.swift */,
				A33F0EE02158276700C1C95B /* KeyboardBoundView.swift */,
				A3AC362F212F307B001CCAC3 /* Main.storyboard */,
			);
			path = View;
			sourceTree = "<group>";
		};
		A3FDBEDF2132BCCE009D4CEF /* Controller */ = {
			isa = PBXGroup;
			children = (
				A3AC362D212F307B001CCAC3 /* ViewController.swift */,
				A3036DF021303ED000499619 /* ChatViewController.swift */,
				A3023816214E7A49004DBE52 /* ChannelViewController.swift */,
				A32740202154EC1B0003C24C /* AddChannelViewController.swift */,
				A33F0ED42157B31F00C1C95B /* AddParticipantsViewController.swift */,
				A33F0EDC2157D00F00C1C95B /* UserProfileViewController.swift */,
				A321D0F0215BEBEC004A76D2 /* NotificationsTableViewController.swift */,
				A3159E64215D325800D7992C /* SwipeTableViewController.swift */,
			);
			path = Controller;
			sourceTree = "<group>";
		};
		A3FDBEE02132BCD5009D4CEF /* Model */ = {
			isa = PBXGroup;
			children = (
				A310197A215546DC002965B2 /* Channel.swift */,
				A35AB81B213E92ED002A592D /* MessageModel.swift */,
				A321D0F2215BF36D004A76D2 /* NotificationModel.swift */,
			);
			path = Model;
			sourceTree = "<group>";
		};
		A3FDBEE12132BD11009D4CEF /* CustomCell */ = {
			isa = PBXGroup;
			children = (
				A3FDBEE42132BD3B009D4CEF /* CustomMessageCell.swift */,
				A35AB819213E92DB002A592D /* TableViewCell.swift */,
				A35AB817213E91EC002A592D /* TableViewCell.xib */,
				A3FDBEE22132BD1E009D4CEF /* MessageCell.xib */,
				A310197C215548DC002965B2 /* ChannelCell.swift */,
				A3159E62215CE90000D7992C /* NotificationCell.swift */,
			);
			path = CustomCell;
			sourceTree = "<group>";
		};
		B171B080FBC0EFB48B9A3844 /* Frameworks */ = {
			isa = PBXGroup;
			children = (
				FECD1EFB513B8DE30C6F3B87 /* Pods_dTwitter.framework */,
			);
			name = Frameworks;
			sourceTree = "<group>";
		};
		F619ABF2F4748E7A24872308 /* Pods */ = {
			isa = PBXGroup;
			children = (
				0EB0C2D47D94CC256C186488 /* Pods-dTwitter.debug.xcconfig */,
				466CFCF97CD404F327B8B927 /* Pods-dTwitter.release.xcconfig */,
			);
			name = Pods;
			sourceTree = "<group>";
		};
/* End PBXGroup section */

/* Begin PBXNativeTarget section */
		A3AC3627212F307A001CCAC3 /* dTwitter */ = {
			isa = PBXNativeTarget;
			buildConfigurationList = A3AC363A212F307C001CCAC3 /* Build configuration list for PBXNativeTarget "dTwitter" */;
			buildPhases = (
				6663FC246D7058FA14A7C7DD /* [CP] Check Pods Manifest.lock */,
				A3AC3624212F307A001CCAC3 /* Sources */,
				A3AC3625212F307A001CCAC3 /* Frameworks */,
				A3AC3626212F307A001CCAC3 /* Resources */,
				84FC085931EEC293B335462D /* [CP] Embed Pods Frameworks */,
			);
			buildRules = (
			);
			dependencies = (
			);
			name = dTwitter;
			productName = dTwitter;
			productReference = A3AC3628212F307B001CCAC3 /* dTwitter.app */;
			productType = "com.apple.product-type.application";
		};
/* End PBXNativeTarget section */

/* Begin PBXProject section */
		A3AC3620212F307A001CCAC3 /* Project object */ = {
			isa = PBXProject;
			attributes = {
				LastSwiftUpdateCheck = 0940;
				LastUpgradeCheck = 0940;
				ORGANIZATIONNAME = "Hammad Tariq";
				TargetAttributes = {
					A3AC3627212F307A001CCAC3 = {
						CreatedOnToolsVersion = 9.4.1;
						LastSwiftMigration = 0940;
					};
				};
			};
			buildConfigurationList = A3AC3623212F307A001CCAC3 /* Build configuration list for PBXProject "dTwitter" */;
			compatibilityVersion = "Xcode 9.3";
			developmentRegion = en;
			hasScannedForEncodings = 0;
			knownRegions = (
				en,
				Base,
			);
			mainGroup = A3AC361F212F307A001CCAC3;
			productRefGroup = A3AC3629212F307B001CCAC3 /* Products */;
			projectDirPath = "";
			projectRoot = "";
			targets = (
				A3AC3627212F307A001CCAC3 /* dTwitter */,
			);
		};
/* End PBXProject section */

/* Begin PBXResourcesBuildPhase section */
		A3AC3626212F307A001CCAC3 /* Resources */ = {
			isa = PBXResourcesBuildPhase;
			buildActionMask = 2147483647;
			files = (
				A33F0EDB2157D00000C1C95B /* UserProfileViewController.xib in Resources */,
				A3AC3636212F307C001CCAC3 /* LaunchScreen.storyboard in Resources */,
				A35AB818213E91EC002A592D /* TableViewCell.xib in Resources */,
				A32740232154EC1B0003C24C /* AddChannelViewController.xib in Resources */,
				A3FDBEE32132BD1E009D4CEF /* MessageCell.xib in Resources */,
				A3AC3633212F307C001CCAC3 /* Assets.xcassets in Resources */,
				A3AC3631212F307B001CCAC3 /* Main.storyboard in Resources */,
				A33F0ED92157B3F800C1C95B /* AddParticipantsViewController.xib in Resources */,
			);
			runOnlyForDeploymentPostprocessing = 0;
		};
/* End PBXResourcesBuildPhase section */

/* Begin PBXShellScriptBuildPhase section */
		6663FC246D7058FA14A7C7DD /* [CP] Check Pods Manifest.lock */ = {
			isa = PBXShellScriptBuildPhase;
			buildActionMask = 2147483647;
			files = (
			);
			inputPaths = (
				"${PODS_PODFILE_DIR_PATH}/Podfile.lock",
				"${PODS_ROOT}/Manifest.lock",
			);
			name = "[CP] Check Pods Manifest.lock";
			outputPaths = (
				"$(DERIVED_FILE_DIR)/Pods-dTwitter-checkManifestLockResult.txt",
			);
			runOnlyForDeploymentPostprocessing = 0;
			shellPath = /bin/sh;
			shellScript = "diff \"${PODS_PODFILE_DIR_PATH}/Podfile.lock\" \"${PODS_ROOT}/Manifest.lock\" > /dev/null\nif [ $? != 0 ] ; then\n    # print error to STDERR\n    echo \"error: The sandbox is not in sync with the Podfile.lock. Run 'pod install' or update your CocoaPods installation.\" >&2\n    exit 1\nfi\n# This output is used by Xcode 'outputs' to avoid re-running this script phase.\necho \"SUCCESS\" > \"${SCRIPT_OUTPUT_FILE_0}\"\n";
			showEnvVarsInLog = 0;
		};
		84FC085931EEC293B335462D /* [CP] Embed Pods Frameworks */ = {
			isa = PBXShellScriptBuildPhase;
			buildActionMask = 2147483647;
			files = (
			);
			inputPaths = (
				"${SRCROOT}/Pods/Target Support Files/Pods-dTwitter/Pods-dTwitter-frameworks.sh",
				"${BUILT_PRODUCTS_DIR}/Alamofire/Alamofire.framework",
				"${BUILT_PRODUCTS_DIR}/Blockstack/Blockstack.framework",
				"${BUILT_PRODUCTS_DIR}/CryptoSwift/CryptoSwift.framework",
				"${BUILT_PRODUCTS_DIR}/ReverseExtension/ReverseExtension.framework",
				"${BUILT_PRODUCTS_DIR}/SVProgressHUD/SVProgressHUD.framework",
				"${BUILT_PRODUCTS_DIR}/SwiftyJSON/SwiftyJSON.framework",
			);
			name = "[CP] Embed Pods Frameworks";
			outputPaths = (
				"${TARGET_BUILD_DIR}/${FRAMEWORKS_FOLDER_PATH}/Alamofire.framework",
				"${TARGET_BUILD_DIR}/${FRAMEWORKS_FOLDER_PATH}/Blockstack.framework",
				"${TARGET_BUILD_DIR}/${FRAMEWORKS_FOLDER_PATH}/CryptoSwift.framework",
				"${TARGET_BUILD_DIR}/${FRAMEWORKS_FOLDER_PATH}/ReverseExtension.framework",
				"${TARGET_BUILD_DIR}/${FRAMEWORKS_FOLDER_PATH}/SVProgressHUD.framework",
				"${TARGET_BUILD_DIR}/${FRAMEWORKS_FOLDER_PATH}/SwiftyJSON.framework",
			);
			runOnlyForDeploymentPostprocessing = 0;
			shellPath = /bin/sh;
			shellScript = "\"${SRCROOT}/Pods/Target Support Files/Pods-dTwitter/Pods-dTwitter-frameworks.sh\"\n";
			showEnvVarsInLog = 0;
		};
/* End PBXShellScriptBuildPhase section */

/* Begin PBXSourcesBuildPhase section */
		A3AC3624212F307A001CCAC3 /* Sources */ = {
			isa = PBXSourcesBuildPhase;
			buildActionMask = 2147483647;
			files = (
				A321D0F1215BEBEC004A76D2 /* NotificationsTableViewController.swift in Sources */,
				A3AC362E212F307B001CCAC3 /* ViewController.swift in Sources */,
				A3AC362C212F307B001CCAC3 /* AppDelegate.swift in Sources */,
				A321D0F3215BF36E004A76D2 /* NotificationModel.swift in Sources */,
				A33F0EE12158276700C1C95B /* KeyboardBoundView.swift in Sources */,
				A310197F215550D6002965B2 /* Helper.swift in Sources */,
				A3023819214EA1F5004DBE52 /* GradientView.swift in Sources */,
				A33F0EDF2158098900C1C95B /* SSBadgeButton.swift in Sources */,
				A310197B215546DC002965B2 /* Channel.swift in Sources */,
				A310198221555B0D002965B2 /* MessageService.swift in Sources */,
				A33F0ED62157B31F00C1C95B /* AddParticipantsViewController.swift in Sources */,
				A35AB81C213E92ED002A592D /* MessageModel.swift in Sources */,
				A3023817214E7A49004DBE52 /* ChannelViewController.swift in Sources */,
				A30E4C3C2159686600B37AD5 /* Constants.swift in Sources */,
				A35AB81A213E92DC002A592D /* TableViewCell.swift in Sources */,
				A3023815214E7139004DBE52 /* SWRevealViewController.m in Sources */,
				A3159E63215CE90000D7992C /* NotificationCell.swift in Sources */,
				A3FDBEE52132BD3B009D4CEF /* CustomMessageCell.swift in Sources */,
				A33F0EDD2157D00F00C1C95B /* UserProfileViewController.swift in Sources */,
				A3036DF121303ED000499619 /* ChatViewController.swift in Sources */,
				A32740222154EC1B0003C24C /* AddChannelViewController.swift in Sources */,
				A3001F35213FDA9B006FAF10 /* LetterImageGenerator.swift in Sources */,
				A32740262154F2340003C24C /* RoundedButton.swift in Sources */,
				A310197D215548DC002965B2 /* ChannelCell.swift in Sources */,
				A3159E65215D325800D7992C /* SwipeTableViewController.swift in Sources */,
			);
			runOnlyForDeploymentPostprocessing = 0;
		};
/* End PBXSourcesBuildPhase section */

/* Begin PBXVariantGroup section */
		A3AC362F212F307B001CCAC3 /* Main.storyboard */ = {
			isa = PBXVariantGroup;
			children = (
				A3AC3630212F307B001CCAC3 /* Base */,
			);
			name = Main.storyboard;
			sourceTree = "<group>";
		};
		A3AC3634212F307C001CCAC3 /* LaunchScreen.storyboard */ = {
			isa = PBXVariantGroup;
			children = (
				A3AC3635212F307C001CCAC3 /* Base */,
			);
			name = LaunchScreen.storyboard;
			sourceTree = "<group>";
		};
/* End PBXVariantGroup section */

/* Begin XCBuildConfiguration section */
		A3AC3638212F307C001CCAC3 /* Debug */ = {
			isa = XCBuildConfiguration;
			buildSettings = {
				ALWAYS_SEARCH_USER_PATHS = NO;
				CLANG_ANALYZER_NONNULL = YES;
				CLANG_ANALYZER_NUMBER_OBJECT_CONVERSION = YES_AGGRESSIVE;
				CLANG_CXX_LANGUAGE_STANDARD = "gnu++14";
				CLANG_CXX_LIBRARY = "libc++";
				CLANG_ENABLE_MODULES = YES;
				CLANG_ENABLE_OBJC_ARC = YES;
				CLANG_ENABLE_OBJC_WEAK = YES;
				CLANG_WARN_BLOCK_CAPTURE_AUTORELEASING = YES;
				CLANG_WARN_BOOL_CONVERSION = YES;
				CLANG_WARN_COMMA = YES;
				CLANG_WARN_CONSTANT_CONVERSION = YES;
				CLANG_WARN_DEPRECATED_OBJC_IMPLEMENTATIONS = YES;
				CLANG_WARN_DIRECT_OBJC_ISA_USAGE = YES_ERROR;
				CLANG_WARN_DOCUMENTATION_COMMENTS = YES;
				CLANG_WARN_EMPTY_BODY = YES;
				CLANG_WARN_ENUM_CONVERSION = YES;
				CLANG_WARN_INFINITE_RECURSION = YES;
				CLANG_WARN_INT_CONVERSION = YES;
				CLANG_WARN_NON_LITERAL_NULL_CONVERSION = YES;
				CLANG_WARN_OBJC_IMPLICIT_RETAIN_SELF = YES;
				CLANG_WARN_OBJC_LITERAL_CONVERSION = YES;
				CLANG_WARN_OBJC_ROOT_CLASS = YES_ERROR;
				CLANG_WARN_RANGE_LOOP_ANALYSIS = YES;
				CLANG_WARN_STRICT_PROTOTYPES = YES;
				CLANG_WARN_SUSPICIOUS_MOVE = YES;
				CLANG_WARN_UNGUARDED_AVAILABILITY = YES_AGGRESSIVE;
				CLANG_WARN_UNREACHABLE_CODE = YES;
				CLANG_WARN__DUPLICATE_METHOD_MATCH = YES;
				CODE_SIGN_IDENTITY = "iPhone Developer";
				COPY_PHASE_STRIP = NO;
				DEBUG_INFORMATION_FORMAT = dwarf;
				ENABLE_STRICT_OBJC_MSGSEND = YES;
				ENABLE_TESTABILITY = YES;
				GCC_C_LANGUAGE_STANDARD = gnu11;
				GCC_DYNAMIC_NO_PIC = NO;
				GCC_NO_COMMON_BLOCKS = YES;
				GCC_OPTIMIZATION_LEVEL = 0;
				GCC_PREPROCESSOR_DEFINITIONS = (
					"DEBUG=1",
					"$(inherited)",
				);
				GCC_WARN_64_TO_32_BIT_CONVERSION = YES;
				GCC_WARN_ABOUT_RETURN_TYPE = YES_ERROR;
				GCC_WARN_UNDECLARED_SELECTOR = YES;
				GCC_WARN_UNINITIALIZED_AUTOS = YES_AGGRESSIVE;
				GCC_WARN_UNUSED_FUNCTION = YES;
				GCC_WARN_UNUSED_VARIABLE = YES;
				IPHONEOS_DEPLOYMENT_TARGET = 11.4;
				MTL_ENABLE_DEBUG_INFO = YES;
				ONLY_ACTIVE_ARCH = YES;
				SDKROOT = iphoneos;
				SWIFT_ACTIVE_COMPILATION_CONDITIONS = DEBUG;
				SWIFT_OPTIMIZATION_LEVEL = "-Onone";
			};
			name = Debug;
		};
		A3AC3639212F307C001CCAC3 /* Release */ = {
			isa = XCBuildConfiguration;
			buildSettings = {
				ALWAYS_SEARCH_USER_PATHS = NO;
				CLANG_ANALYZER_NONNULL = YES;
				CLANG_ANALYZER_NUMBER_OBJECT_CONVERSION = YES_AGGRESSIVE;
				CLANG_CXX_LANGUAGE_STANDARD = "gnu++14";
				CLANG_CXX_LIBRARY = "libc++";
				CLANG_ENABLE_MODULES = YES;
				CLANG_ENABLE_OBJC_ARC = YES;
				CLANG_ENABLE_OBJC_WEAK = YES;
				CLANG_WARN_BLOCK_CAPTURE_AUTORELEASING = YES;
				CLANG_WARN_BOOL_CONVERSION = YES;
				CLANG_WARN_COMMA = YES;
				CLANG_WARN_CONSTANT_CONVERSION = YES;
				CLANG_WARN_DEPRECATED_OBJC_IMPLEMENTATIONS = YES;
				CLANG_WARN_DIRECT_OBJC_ISA_USAGE = YES_ERROR;
				CLANG_WARN_DOCUMENTATION_COMMENTS = YES;
				CLANG_WARN_EMPTY_BODY = YES;
				CLANG_WARN_ENUM_CONVERSION = YES;
				CLANG_WARN_INFINITE_RECURSION = YES;
				CLANG_WARN_INT_CONVERSION = YES;
				CLANG_WARN_NON_LITERAL_NULL_CONVERSION = YES;
				CLANG_WARN_OBJC_IMPLICIT_RETAIN_SELF = YES;
				CLANG_WARN_OBJC_LITERAL_CONVERSION = YES;
				CLANG_WARN_OBJC_ROOT_CLASS = YES_ERROR;
				CLANG_WARN_RANGE_LOOP_ANALYSIS = YES;
				CLANG_WARN_STRICT_PROTOTYPES = YES;
				CLANG_WARN_SUSPICIOUS_MOVE = YES;
				CLANG_WARN_UNGUARDED_AVAILABILITY = YES_AGGRESSIVE;
				CLANG_WARN_UNREACHABLE_CODE = YES;
				CLANG_WARN__DUPLICATE_METHOD_MATCH = YES;
				CODE_SIGN_IDENTITY = "iPhone Developer";
				COPY_PHASE_STRIP = NO;
				DEBUG_INFORMATION_FORMAT = "dwarf-with-dsym";
				ENABLE_NS_ASSERTIONS = NO;
				ENABLE_STRICT_OBJC_MSGSEND = YES;
				GCC_C_LANGUAGE_STANDARD = gnu11;
				GCC_NO_COMMON_BLOCKS = YES;
				GCC_WARN_64_TO_32_BIT_CONVERSION = YES;
				GCC_WARN_ABOUT_RETURN_TYPE = YES_ERROR;
				GCC_WARN_UNDECLARED_SELECTOR = YES;
				GCC_WARN_UNINITIALIZED_AUTOS = YES_AGGRESSIVE;
				GCC_WARN_UNUSED_FUNCTION = YES;
				GCC_WARN_UNUSED_VARIABLE = YES;
				IPHONEOS_DEPLOYMENT_TARGET = 11.4;
				MTL_ENABLE_DEBUG_INFO = NO;
				SDKROOT = iphoneos;
				SWIFT_COMPILATION_MODE = wholemodule;
				SWIFT_OPTIMIZATION_LEVEL = "-O";
				VALIDATE_PRODUCT = YES;
			};
			name = Release;
		};
		A3AC363B212F307C001CCAC3 /* Debug */ = {
			isa = XCBuildConfiguration;
			baseConfigurationReference = 0EB0C2D47D94CC256C186488 /* Pods-dTwitter.debug.xcconfig */;
			buildSettings = {
				ASSETCATALOG_COMPILER_APPICON_NAME = "AppIcon-1";
				CLANG_ENABLE_MODULES = YES;
				CODE_SIGN_STYLE = Automatic;
				DEVELOPMENT_TEAM = NKVT77JN2L;
				INFOPLIST_FILE = dTwitter/Info.plist;
				IPHONEOS_DEPLOYMENT_TARGET = 11.3;
				LD_RUNPATH_SEARCH_PATHS = (
					"$(inherited)",
					"@executable_path/Frameworks",
				);
				PRODUCT_BUNDLE_IDENTIFIER = uk.co.iologics.dTwitter;
				PRODUCT_NAME = "$(TARGET_NAME)";
				SWIFT_OBJC_BRIDGING_HEADER = "dTwitter/Support Files/dTwitter-Bridging-Header.h";
				SWIFT_OPTIMIZATION_LEVEL = "-Onone";
				SWIFT_VERSION = 4.0;
				TARGETED_DEVICE_FAMILY = "1,2";
			};
			name = Debug;
		};
		A3AC363C212F307C001CCAC3 /* Release */ = {
			isa = XCBuildConfiguration;
			baseConfigurationReference = 466CFCF97CD404F327B8B927 /* Pods-dTwitter.release.xcconfig */;
			buildSettings = {
				ASSETCATALOG_COMPILER_APPICON_NAME = "AppIcon-1";
				CLANG_ENABLE_MODULES = YES;
				CODE_SIGN_STYLE = Automatic;
				DEVELOPMENT_TEAM = NKVT77JN2L;
				INFOPLIST_FILE = dTwitter/Info.plist;
				IPHONEOS_DEPLOYMENT_TARGET = 11.3;
				LD_RUNPATH_SEARCH_PATHS = (
					"$(inherited)",
					"@executable_path/Frameworks",
				);
				PRODUCT_BUNDLE_IDENTIFIER = uk.co.iologics.dTwitter;
				PRODUCT_NAME = "$(TARGET_NAME)";
				SWIFT_OBJC_BRIDGING_HEADER = "dTwitter/Support Files/dTwitter-Bridging-Header.h";
				SWIFT_VERSION = 4.0;
				TARGETED_DEVICE_FAMILY = "1,2";
			};
			name = Release;
		};
/* End XCBuildConfiguration section */

/* Begin XCConfigurationList section */
		A3AC3623212F307A001CCAC3 /* Build configuration list for PBXProject "dTwitter" */ = {
			isa = XCConfigurationList;
			buildConfigurations = (
				A3AC3638212F307C001CCAC3 /* Debug */,
				A3AC3639212F307C001CCAC3 /* Release */,
			);
			defaultConfigurationIsVisible = 0;
			defaultConfigurationName = Release;
		};
		A3AC363A212F307C001CCAC3 /* Build configuration list for PBXNativeTarget "dTwitter" */ = {
			isa = XCConfigurationList;
			buildConfigurations = (
				A3AC363B212F307C001CCAC3 /* Debug */,
				A3AC363C212F307C001CCAC3 /* Release */,
			);
			defaultConfigurationIsVisible = 0;
			defaultConfigurationName = Release;
		};
/* End XCConfigurationList section */
	};
	rootObject = A3AC3620212F307A001CCAC3 /* Project object */;
}
